
Microsoft Visual Studio Solution File, Format Version 12.00
# Visual Studio 15
VisualStudioVersion = 15.0.26730.16
MinimumVisualStudioVersion = 10.0.40219.1
Project("{FAE04EC0-301F-11D3-BF4B-00C04F79EFBC}") = "MLoggerTests", "MLoggerTests\MLoggerTests.csproj", "{480EF7C9-A3A9-4C75-9E03-4646CE172C45}"
EndProject
Project("{FAE04EC0-301F-11D3-BF4B-00C04F79EFBC}") = "MLogger", "MLogger\MLogger.csproj", "{B82E4C76-9A12-4D1B-ABC2-37AC5AC2179D}"
EndProject
Project("{FAE04EC0-301F-11D3-BF4B-00C04F79EFBC}") = "MLoggerWeb", "MLoggerWeb\MLoggerWeb.csproj", "{92FC4742-D377-4837-8919-6CDA96698ED1}"
EndProject
Project("{2150E333-8FDC-42A3-9474-1A3956D46DE8}") = "Info", "Info", "{CD218361-FB93-4412-A097-06388B581E9B}"
	ProjectSection(SolutionItems) = preProject
		LICENSE = LICENSE
		Microsoft dotNet hands on exercise.docx = Microsoft dotNet hands on exercise.docx
		README.md = README.md
	EndProjectSection
EndProject
Global
	GlobalSection(SolutionConfigurationPlatforms) = preSolution
		Debug|Any CPU = Debug|Any CPU
		Release|Any CPU = Release|Any CPU
	EndGlobalSection
	GlobalSection(ProjectConfigurationPlatforms) = postSolution
		{480EF7C9-A3A9-4C75-9E03-4646CE172C45}.Debug|Any CPU.ActiveCfg = Debug|Any CPU
		{480EF7C9-A3A9-4C75-9E03-4646CE172C45}.Debug|Any CPU.Build.0 = Debug|Any CPU
		{480EF7C9-A3A9-4C75-9E03-4646CE172C45}.Release|Any CPU.ActiveCfg = Release|Any CPU
		{480EF7C9-A3A9-4C75-9E03-4646CE172C45}.Release|Any CPU.Build.0 = Release|Any CPU
		{B82E4C76-9A12-4D1B-ABC2-37AC5AC2179D}.Debug|Any CPU.ActiveCfg = Debug|Any CPU
		{B82E4C76-9A12-4D1B-ABC2-37AC5AC2179D}.Debug|Any CPU.Build.0 = Debug|Any CPU
		{B82E4C76-9A12-4D1B-ABC2-37AC5AC2179D}.Release|Any CPU.ActiveCfg = Release|Any CPU
		{B82E4C76-9A12-4D1B-ABC2-37AC5AC2179D}.Release|Any CPU.Build.0 = Release|Any CPU
		{92FC4742-D377-4837-8919-6CDA96698ED1}.Debug|Any CPU.ActiveCfg = Debug|Any CPU
		{92FC4742-D377-4837-8919-6CDA96698ED1}.Debug|Any CPU.Build.0 = Debug|Any CPU
		{92FC4742-D377-4837-8919-6CDA96698ED1}.Release|Any CPU.ActiveCfg = Release|Any CPU
		{92FC4742-D377-4837-8919-6CDA96698ED1}.Release|Any CPU.Build.0 = Release|Any CPU
	EndGlobalSection
	GlobalSection(SolutionProperties) = preSolution
		HideSolutionNode = FALSE
	EndGlobalSection
	GlobalSection(ExtensibilityGlobals) = postSolution
		SolutionGuid = {B505A57A-3914-49F1-A835-C689A99EDB71}
	EndGlobalSection
EndGlobal
